// !$*UTF8*$!
{
	archiveVersion = 1;
	classes = {
	};
	objectVersion = 50;
	objects = {

/* Begin PBXBuildFile section */
		7CE4F88621ECEF69008CD6AD /* AppDelegate.swift in Sources */ = {isa = PBXBuildFile; fileRef = 7CE4F88521ECEF69008CD6AD /* AppDelegate.swift */; };
		7CE4F88821ECEF69008CD6AD /* ViewController.swift in Sources */ = {isa = PBXBuildFile; fileRef = 7CE4F88721ECEF69008CD6AD /* ViewController.swift */; };
		7CE4F88B21ECEF69008CD6AD /* Main.storyboard in Resources */ = {isa = PBXBuildFile; fileRef = 7CE4F88921ECEF69008CD6AD /* Main.storyboard */; };
		7CE4F88D21ECEF6C008CD6AD /* Assets.xcassets in Resources */ = {isa = PBXBuildFile; fileRef = 7CE4F88C21ECEF6C008CD6AD /* Assets.xcassets */; };
		7CE4F89021ECEF6C008CD6AD /* LaunchScreen.storyboard in Resources */ = {isa = PBXBuildFile; fileRef = 7CE4F88E21ECEF6C008CD6AD /* LaunchScreen.storyboard */; };
		7CE4F89B21ECEF6D008CD6AD /* BitcoinPriceCheckerTests.swift in Sources */ = {isa = PBXBuildFile; fileRef = 7CE4F89A21ECEF6D008CD6AD /* BitcoinPriceCheckerTests.swift */; };
		7CE4F8A621ECEF6D008CD6AD /* BitcoinPriceCheckerUITests.swift in Sources */ = {isa = PBXBuildFile; fileRef = 7CE4F8A521ECEF6D008CD6AD /* BitcoinPriceCheckerUITests.swift */; };
		A1B457FCD4996C6BF20BEF92 /* Pods_BitcoinPriceCheckerTests.framework in Frameworks */ = {isa = PBXBuildFile; fileRef = D6D6FF056A8822BDD08B4A87 /* Pods_BitcoinPriceCheckerTests.framework */; };
		A4C39082584E836A5919A771 /* Pods_BitcoinPriceChecker.framework in Frameworks */ = {isa = PBXBuildFile; fileRef = B3B9401C0273CE75BF7FC33C /* Pods_BitcoinPriceChecker.framework */; };
		CB0DDFA4AFEB5068174811CE /* Pods_BitcoinPriceCheckerUITests.framework in Frameworks */ = {isa = PBXBuildFile; fileRef = F7EB4D05C953D02CC8978CEE /* Pods_BitcoinPriceCheckerUITests.framework */; };
/* End PBXBuildFile section */

/* Begin PBXContainerItemProxy section */
		7CE4F89721ECEF6D008CD6AD /* PBXContainerItemProxy */ = {
			isa = PBXContainerItemProxy;
			containerPortal = 7CE4F87A21ECEF69008CD6AD /* Project object */;
			proxyType = 1;
			remoteGlobalIDString = 7CE4F88121ECEF69008CD6AD;
			remoteInfo = BitcoinPriceChecker;
		};
		7CE4F8A221ECEF6D008CD6AD /* PBXContainerItemProxy */ = {
			isa = PBXContainerItemProxy;
			containerPortal = 7CE4F87A21ECEF69008CD6AD /* Project object */;
			proxyType = 1;
			remoteGlobalIDString = 7CE4F88121ECEF69008CD6AD;
			remoteInfo = BitcoinPriceChecker;
		};
/* End PBXContainerItemProxy section */

/* Begin PBXFileReference section */
		09260FF94FCC962F2E42E6B0 /* Pods-BitcoinPriceChecker.debug.xcconfig */ = {isa = PBXFileReference; includeInIndex = 1; lastKnownFileType = text.xcconfig; name = "Pods-BitcoinPriceChecker.debug.xcconfig"; path = "Pods/Target Support Files/Pods-BitcoinPriceChecker/Pods-BitcoinPriceChecker.debug.xcconfig"; sourceTree = "<group>"; };
		23E583026F64460F8C4C7154 /* Pods-BitcoinPriceCheckerTests.debug.xcconfig */ = {isa = PBXFileReference; includeInIndex = 1; lastKnownFileType = text.xcconfig; name = "Pods-BitcoinPriceCheckerTests.debug.xcconfig"; path = "Pods/Target Support Files/Pods-BitcoinPriceCheckerTests/Pods-BitcoinPriceCheckerTests.debug.xcconfig"; sourceTree = "<group>"; };
		2BD44612B14B7542A1D5C063 /* Pods-BitcoinPriceCheckerUITests.release.xcconfig */ = {isa = PBXFileReference; includeInIndex = 1; lastKnownFileType = text.xcconfig; name = "Pods-BitcoinPriceCheckerUITests.release.xcconfig"; path = "Pods/Target Support Files/Pods-BitcoinPriceCheckerUITests/Pods-BitcoinPriceCheckerUITests.release.xcconfig"; sourceTree = "<group>"; };
		40AFEEDA5574D9D46C2B2B15 /* Pods-BitcoinPriceCheckerTests.release.xcconfig */ = {isa = PBXFileReference; includeInIndex = 1; lastKnownFileType = text.xcconfig; name = "Pods-BitcoinPriceCheckerTests.release.xcconfig"; path = "Pods/Target Support Files/Pods-BitcoinPriceCheckerTests/Pods-BitcoinPriceCheckerTests.release.xcconfig"; sourceTree = "<group>"; };
		4265376B5D397F7AD6FA27DE /* Pods-BitcoinPriceCheckerUITests.debug.xcconfig */ = {isa = PBXFileReference; includeInIndex = 1; lastKnownFileType = text.xcconfig; name = "Pods-BitcoinPriceCheckerUITests.debug.xcconfig"; path = "Pods/Target Support Files/Pods-BitcoinPriceCheckerUITests/Pods-BitcoinPriceCheckerUITests.debug.xcconfig"; sourceTree = "<group>"; };
		7CE4F88221ECEF69008CD6AD /* BitcoinPriceChecker.app */ = {isa = PBXFileReference; explicitFileType = wrapper.application; includeInIndex = 0; path = BitcoinPriceChecker.app; sourceTree = BUILT_PRODUCTS_DIR; };
		7CE4F88521ECEF69008CD6AD /* AppDelegate.swift */ = {isa = PBXFileReference; lastKnownFileType = sourcecode.swift; path = AppDelegate.swift; sourceTree = "<group>"; };
		7CE4F88721ECEF69008CD6AD /* ViewController.swift */ = {isa = PBXFileReference; lastKnownFileType = sourcecode.swift; path = ViewController.swift; sourceTree = "<group>"; };
		7CE4F88A21ECEF69008CD6AD /* Base */ = {isa = PBXFileReference; lastKnownFileType = file.storyboard; name = Base; path = Base.lproj/Main.storyboard; sourceTree = "<group>"; };
		7CE4F88C21ECEF6C008CD6AD /* Assets.xcassets */ = {isa = PBXFileReference; lastKnownFileType = folder.assetcatalog; path = Assets.xcassets; sourceTree = "<group>"; };
		7CE4F88F21ECEF6C008CD6AD /* Base */ = {isa = PBXFileReference; lastKnownFileType = file.storyboard; name = Base; path = Base.lproj/LaunchScreen.storyboard; sourceTree = "<group>"; };
		7CE4F89121ECEF6C008CD6AD /* Info.plist */ = {isa = PBXFileReference; lastKnownFileType = text.plist.xml; path = Info.plist; sourceTree = "<group>"; };
		7CE4F89621ECEF6D008CD6AD /* BitcoinPriceCheckerTests.xctest */ = {isa = PBXFileReference; explicitFileType = wrapper.cfbundle; includeInIndex = 0; path = BitcoinPriceCheckerTests.xctest; sourceTree = BUILT_PRODUCTS_DIR; };
		7CE4F89A21ECEF6D008CD6AD /* BitcoinPriceCheckerTests.swift */ = {isa = PBXFileReference; lastKnownFileType = sourcecode.swift; path = BitcoinPriceCheckerTests.swift; sourceTree = "<group>"; };
		7CE4F89C21ECEF6D008CD6AD /* Info.plist */ = {isa = PBXFileReference; lastKnownFileType = text.plist.xml; path = Info.plist; sourceTree = "<group>"; };
		7CE4F8A121ECEF6D008CD6AD /* BitcoinPriceCheckerUITests.xctest */ = {isa = PBXFileReference; explicitFileType = wrapper.cfbundle; includeInIndex = 0; path = BitcoinPriceCheckerUITests.xctest; sourceTree = BUILT_PRODUCTS_DIR; };
		7CE4F8A521ECEF6D008CD6AD /* BitcoinPriceCheckerUITests.swift */ = {isa = PBXFileReference; lastKnownFileType = sourcecode.swift; path = BitcoinPriceCheckerUITests.swift; sourceTree = "<group>"; };
		7CE4F8A721ECEF6D008CD6AD /* Info.plist */ = {isa = PBXFileReference; lastKnownFileType = text.plist.xml; path = Info.plist; sourceTree = "<group>"; };
		B3B9401C0273CE75BF7FC33C /* Pods_BitcoinPriceChecker.framework */ = {isa = PBXFileReference; explicitFileType = wrapper.framework; includeInIndex = 0; path = Pods_BitcoinPriceChecker.framework; sourceTree = BUILT_PRODUCTS_DIR; };
		D6D6FF056A8822BDD08B4A87 /* Pods_BitcoinPriceCheckerTests.framework */ = {isa = PBXFileReference; explicitFileType = wrapper.framework; includeInIndex = 0; path = Pods_BitcoinPriceCheckerTests.framework; sourceTree = BUILT_PRODUCTS_DIR; };
		F7EB4D05C953D02CC8978CEE /* Pods_BitcoinPriceCheckerUITests.framework */ = {isa = PBXFileReference; explicitFileType = wrapper.framework; includeInIndex = 0; path = Pods_BitcoinPriceCheckerUITests.framework; sourceTree = BUILT_PRODUCTS_DIR; };
		F8D6B7A8909230371B27CA7B /* Pods-BitcoinPriceChecker.release.xcconfig */ = {isa = PBXFileReference; includeInIndex = 1; lastKnownFileType = text.xcconfig; name = "Pods-BitcoinPriceChecker.release.xcconfig"; path = "Pods/Target Support Files/Pods-BitcoinPriceChecker/Pods-BitcoinPriceChecker.release.xcconfig"; sourceTree = "<group>"; };
/* End PBXFileReference section */

/* Begin PBXFrameworksBuildPhase section */
		7CE4F87F21ECEF69008CD6AD /* Frameworks */ = {
			isa = PBXFrameworksBuildPhase;
			buildActionMask = 2147483647;
			files = (
				A4C39082584E836A5919A771 /* Pods_BitcoinPriceChecker.framework in Frameworks */,
			);
			runOnlyForDeploymentPostprocessing = 0;
		};
		7CE4F89321ECEF6D008CD6AD /* Frameworks */ = {
			isa = PBXFrameworksBuildPhase;
			buildActionMask = 2147483647;
			files = (
				A1B457FCD4996C6BF20BEF92 /* Pods_BitcoinPriceCheckerTests.framework in Frameworks */,
			);
			runOnlyForDeploymentPostprocessing = 0;
		};
		7CE4F89E21ECEF6D008CD6AD /* Frameworks */ = {
			isa = PBXFrameworksBuildPhase;
			buildActionMask = 2147483647;
			files = (
				CB0DDFA4AFEB5068174811CE /* Pods_BitcoinPriceCheckerUITests.framework in Frameworks */,
			);
			runOnlyForDeploymentPostprocessing = 0;
		};
/* End PBXFrameworksBuildPhase section */

/* Begin PBXGroup section */
		7CE4F87921ECEF69008CD6AD = {
			isa = PBXGroup;
			children = (
				7CE4F88421ECEF69008CD6AD /* BitcoinPriceChecker */,
				7CE4F89921ECEF6D008CD6AD /* BitcoinPriceCheckerTests */,
				7CE4F8A421ECEF6D008CD6AD /* BitcoinPriceCheckerUITests */,
				7CE4F88321ECEF69008CD6AD /* Products */,
				A3C488418B037FAE2A687B7A /* Pods */,
				F89D65C5215FBA1C01E7C380 /* Frameworks */,
			);
			sourceTree = "<group>";
		};
		7CE4F88321ECEF69008CD6AD /* Products */ = {
			isa = PBXGroup;
			children = (
				7CE4F88221ECEF69008CD6AD /* BitcoinPriceChecker.app */,
				7CE4F89621ECEF6D008CD6AD /* BitcoinPriceCheckerTests.xctest */,
				7CE4F8A121ECEF6D008CD6AD /* BitcoinPriceCheckerUITests.xctest */,
			);
			name = Products;
			sourceTree = "<group>";
		};
		7CE4F88421ECEF69008CD6AD /* BitcoinPriceChecker */ = {
			isa = PBXGroup;
			children = (
				7CE4F88521ECEF69008CD6AD /* AppDelegate.swift */,
				7CE4F88721ECEF69008CD6AD /* ViewController.swift */,
				7CE4F88921ECEF69008CD6AD /* Main.storyboard */,
				7CE4F88C21ECEF6C008CD6AD /* Assets.xcassets */,
				7CE4F88E21ECEF6C008CD6AD /* LaunchScreen.storyboard */,
				7CE4F89121ECEF6C008CD6AD /* Info.plist */,
			);
			path = BitcoinPriceChecker;
			sourceTree = "<group>";
		};
		7CE4F89921ECEF6D008CD6AD /* BitcoinPriceCheckerTests */ = {
			isa = PBXGroup;
			children = (
				7CE4F89A21ECEF6D008CD6AD /* BitcoinPriceCheckerTests.swift */,
				7CE4F89C21ECEF6D008CD6AD /* Info.plist */,
			);
			path = BitcoinPriceCheckerTests;
			sourceTree = "<group>";
		};
		7CE4F8A421ECEF6D008CD6AD /* BitcoinPriceCheckerUITests */ = {
			isa = PBXGroup;
			children = (
				7CE4F8A521ECEF6D008CD6AD /* BitcoinPriceCheckerUITests.swift */,
				7CE4F8A721ECEF6D008CD6AD /* Info.plist */,
			);
			path = BitcoinPriceCheckerUITests;
			sourceTree = "<group>";
		};
		A3C488418B037FAE2A687B7A /* Pods */ = {
			isa = PBXGroup;
			children = (
				09260FF94FCC962F2E42E6B0 /* Pods-BitcoinPriceChecker.debug.xcconfig */,
				F8D6B7A8909230371B27CA7B /* Pods-BitcoinPriceChecker.release.xcconfig */,
				23E583026F64460F8C4C7154 /* Pods-BitcoinPriceCheckerTests.debug.xcconfig */,
				40AFEEDA5574D9D46C2B2B15 /* Pods-BitcoinPriceCheckerTests.release.xcconfig */,
				4265376B5D397F7AD6FA27DE /* Pods-BitcoinPriceCheckerUITests.debug.xcconfig */,
				2BD44612B14B7542A1D5C063 /* Pods-BitcoinPriceCheckerUITests.release.xcconfig */,
			);
			name = Pods;
			sourceTree = "<group>";
		};
		F89D65C5215FBA1C01E7C380 /* Frameworks */ = {
			isa = PBXGroup;
			children = (
				B3B9401C0273CE75BF7FC33C /* Pods_BitcoinPriceChecker.framework */,
				D6D6FF056A8822BDD08B4A87 /* Pods_BitcoinPriceCheckerTests.framework */,
				F7EB4D05C953D02CC8978CEE /* Pods_BitcoinPriceCheckerUITests.framework */,
			);
			name = Frameworks;
			sourceTree = "<group>";
		};
/* End PBXGroup section */

/* Begin PBXNativeTarget section */
		7CE4F88121ECEF69008CD6AD /* BitcoinPriceChecker */ = {
			isa = PBXNativeTarget;
			buildConfigurationList = 7CE4F8AA21ECEF6D008CD6AD /* Build configuration list for PBXNativeTarget "BitcoinPriceChecker" */;
			buildPhases = (
				1B813D1B642EB03D2E3903AF /* [CP] Check Pods Manifest.lock */,
				7CE4F87E21ECEF69008CD6AD /* Sources */,
				7CE4F87F21ECEF69008CD6AD /* Frameworks */,
				7CE4F88021ECEF69008CD6AD /* Resources */,
				55778EB962C5DF08C50A8053 /* [CP] Embed Pods Frameworks */,
				C9F1A6B87C83F592036CA961 /* [CP] Copy Pods Resources */,
			);
			buildRules = (
			);
			dependencies = (
			);
			name = BitcoinPriceChecker;
			productName = BitcoinPriceChecker;
			productReference = 7CE4F88221ECEF69008CD6AD /* BitcoinPriceChecker.app */;
			productType = "com.apple.product-type.application";
		};
		7CE4F89521ECEF6D008CD6AD /* BitcoinPriceCheckerTests */ = {
			isa = PBXNativeTarget;
			buildConfigurationList = 7CE4F8AD21ECEF6D008CD6AD /* Build configuration list for PBXNativeTarget "BitcoinPriceCheckerTests" */;
			buildPhases = (
				532BA039213CC127DFCD5F55 /* [CP] Check Pods Manifest.lock */,
				7CE4F89221ECEF6D008CD6AD /* Sources */,
				7CE4F89321ECEF6D008CD6AD /* Frameworks */,
				7CE4F89421ECEF6D008CD6AD /* Resources */,
				92D963612259FDAD3C95AAF6 /* [CP] Embed Pods Frameworks */,
				C85B3D2C8A4E104A1D363707 /* [CP] Copy Pods Resources */,
			);
			buildRules = (
			);
			dependencies = (
				7CE4F89821ECEF6D008CD6AD /* PBXTargetDependency */,
			);
			name = BitcoinPriceCheckerTests;
			productName = BitcoinPriceCheckerTests;
			productReference = 7CE4F89621ECEF6D008CD6AD /* BitcoinPriceCheckerTests.xctest */;
			productType = "com.apple.product-type.bundle.unit-test";
		};
		7CE4F8A021ECEF6D008CD6AD /* BitcoinPriceCheckerUITests */ = {
			isa = PBXNativeTarget;
			buildConfigurationList = 7CE4F8B021ECEF6D008CD6AD /* Build configuration list for PBXNativeTarget "BitcoinPriceCheckerUITests" */;
			buildPhases = (
				FBCD8324A8A11CAE1E4FA5F7 /* [CP] Check Pods Manifest.lock */,
				7CE4F89D21ECEF6D008CD6AD /* Sources */,
				7CE4F89E21ECEF6D008CD6AD /* Frameworks */,
				7CE4F89F21ECEF6D008CD6AD /* Resources */,
				05F572368DCA6DFB109B97F5 /* [CP] Embed Pods Frameworks */,
				BF9131EDD4306AEC5E18312E /* [CP] Copy Pods Resources */,
			);
			buildRules = (
			);
			dependencies = (
				7CE4F8A321ECEF6D008CD6AD /* PBXTargetDependency */,
			);
			name = BitcoinPriceCheckerUITests;
			productName = BitcoinPriceCheckerUITests;
			productReference = 7CE4F8A121ECEF6D008CD6AD /* BitcoinPriceCheckerUITests.xctest */;
			productType = "com.apple.product-type.bundle.ui-testing";
		};
/* End PBXNativeTarget section */

/* Begin PBXProject section */
		7CE4F87A21ECEF69008CD6AD /* Project object */ = {
			isa = PBXProject;
			attributes = {
				LastSwiftUpdateCheck = 1010;
				LastUpgradeCheck = 1010;
				ORGANIZATIONNAME = "Kotaro Suto";
				TargetAttributes = {
					7CE4F88121ECEF69008CD6AD = {
						CreatedOnToolsVersion = 10.1;
					};
					7CE4F89521ECEF6D008CD6AD = {
						CreatedOnToolsVersion = 10.1;
						TestTargetID = 7CE4F88121ECEF69008CD6AD;
					};
					7CE4F8A021ECEF6D008CD6AD = {
						CreatedOnToolsVersion = 10.1;
						TestTargetID = 7CE4F88121ECEF69008CD6AD;
					};
				};
			};
			buildConfigurationList = 7CE4F87D21ECEF69008CD6AD /* Build configuration list for PBXProject "BitcoinPriceChecker" */;
			compatibilityVersion = "Xcode 9.3";
			developmentRegion = en;
			hasScannedForEncodings = 0;
			knownRegions = (
				en,
				Base,
			);
			mainGroup = 7CE4F87921ECEF69008CD6AD;
			productRefGroup = 7CE4F88321ECEF69008CD6AD /* Products */;
			projectDirPath = "";
			projectRoot = "";
			targets = (
				7CE4F88121ECEF69008CD6AD /* BitcoinPriceChecker */,
				7CE4F89521ECEF6D008CD6AD /* BitcoinPriceCheckerTests */,
				7CE4F8A021ECEF6D008CD6AD /* BitcoinPriceCheckerUITests */,
			);
		};
/* End PBXProject section */

/* Begin PBXResourcesBuildPhase section */
		7CE4F88021ECEF69008CD6AD /* Resources */ = {
			isa = PBXResourcesBuildPhase;
			buildActionMask = 2147483647;
			files = (
				7CE4F89021ECEF6C008CD6AD /* LaunchScreen.storyboard in Resources */,
				7CE4F88D21ECEF6C008CD6AD /* Assets.xcassets in Resources */,
				7CE4F88B21ECEF69008CD6AD /* Main.storyboard in Resources */,
			);
			runOnlyForDeploymentPostprocessing = 0;
		};
		7CE4F89421ECEF6D008CD6AD /* Resources */ = {
			isa = PBXResourcesBuildPhase;
			buildActionMask = 2147483647;
			files = (
			);
			runOnlyForDeploymentPostprocessing = 0;
		};
		7CE4F89F21ECEF6D008CD6AD /* Resources */ = {
			isa = PBXResourcesBuildPhase;
			buildActionMask = 2147483647;
			files = (
			);
			runOnlyForDeploymentPostprocessing = 0;
		};
/* End PBXResourcesBuildPhase section */

/* Begin PBXShellScriptBuildPhase section */
		05F572368DCA6DFB109B97F5 /* [CP] Embed Pods Frameworks */ = {
			isa = PBXShellScriptBuildPhase;
			buildActionMask = 2147483647;
			files = (
			);
			inputPaths = (
			);
			name = "[CP] Embed Pods Frameworks";
			outputPaths = (
			);
			runOnlyForDeploymentPostprocessing = 0;
			shellPath = /bin/sh;
			shellScript = "\"${SRCROOT}/Pods/Target Support Files/Pods-BitcoinPriceCheckerUITests/Pods-BitcoinPriceCheckerUITests-frameworks.sh\"\n";
			showEnvVarsInLog = 0;
		};
		1B813D1B642EB03D2E3903AF /* [CP] Check Pods Manifest.lock */ = {
			isa = PBXShellScriptBuildPhase;
			buildActionMask = 2147483647;
			files = (
			);
			inputPaths = (
				"${PODS_PODFILE_DIR_PATH}/Podfile.lock",
				"${PODS_ROOT}/Manifest.lock",
			);
			name = "[CP] Check Pods Manifest.lock";
			outputPaths = (
				"$(DERIVED_FILE_DIR)/Pods-BitcoinPriceChecker-checkManifestLockResult.txt",
			);
			runOnlyForDeploymentPostprocessing = 0;
			shellPath = /bin/sh;
			shellScript = "diff \"${PODS_PODFILE_DIR_PATH}/Podfile.lock\" \"${PODS_ROOT}/Manifest.lock\" > /dev/null\nif [ $? != 0 ] ; then\n    # print error to STDERR\n    echo \"error: The sandbox is not in sync with the Podfile.lock. Run 'pod install' or update your CocoaPods installation.\" >&2\n    exit 1\nfi\n# This output is used by Xcode 'outputs' to avoid re-running this script phase.\necho \"SUCCESS\" > \"${SCRIPT_OUTPUT_FILE_0}\"\n";
			showEnvVarsInLog = 0;
		};
		532BA039213CC127DFCD5F55 /* [CP] Check Pods Manifest.lock */ = {
			isa = PBXShellScriptBuildPhase;
			buildActionMask = 2147483647;
			files = (
			);
			inputPaths = (
				"${PODS_PODFILE_DIR_PATH}/Podfile.lock",
				"${PODS_ROOT}/Manifest.lock",
			);
			name = "[CP] Check Pods Manifest.lock";
			outputPaths = (
				"$(DERIVED_FILE_DIR)/Pods-BitcoinPriceCheckerTests-checkManifestLockResult.txt",
			);
			runOnlyForDeploymentPostprocessing = 0;
			shellPath = /bin/sh;
			shellScript = "diff \"${PODS_PODFILE_DIR_PATH}/Podfile.lock\" \"${PODS_ROOT}/Manifest.lock\" > /dev/null\nif [ $? != 0 ] ; then\n    # print error to STDERR\n    echo \"error: The sandbox is not in sync with the Podfile.lock. Run 'pod install' or update your CocoaPods installation.\" >&2\n    exit 1\nfi\n# This output is used by Xcode 'outputs' to avoid re-running this script phase.\necho \"SUCCESS\" > \"${SCRIPT_OUTPUT_FILE_0}\"\n";
			showEnvVarsInLog = 0;
		};
		55778EB962C5DF08C50A8053 /* [CP] Embed Pods Frameworks */ = {
			isa = PBXShellScriptBuildPhase;
			buildActionMask = 2147483647;
			files = (
			);
			inputPaths = (
				"${SRCROOT}/Pods/Target Support Files/Pods-BitcoinPriceChecker/Pods-BitcoinPriceChecker-frameworks.sh",
				"${BUILT_PRODUCTS_DIR}/Alamofire/Alamofire.framework",
			);
			name = "[CP] Embed Pods Frameworks";
			outputPaths = (
				"${TARGET_BUILD_DIR}/${FRAMEWORKS_FOLDER_PATH}/Alamofire.framework",
			);
			runOnlyForDeploymentPostprocessing = 0;
			shellPath = /bin/sh;
			shellScript = "\"${SRCROOT}/Pods/Target Support Files/Pods-BitcoinPriceChecker/Pods-BitcoinPriceChecker-frameworks.sh\"\n";
			showEnvVarsInLog = 0;
		};
		92D963612259FDAD3C95AAF6 /* [CP] Embed Pods Frameworks */ = {
			isa = PBXShellScriptBuildPhase;
			buildActionMask = 2147483647;
			files = (
			);
			inputPaths = (
			);
			name = "[CP] Embed Pods Frameworks";
			outputPaths = (
			);
			runOnlyForDeploymentPostprocessing = 0;
			shellPath = /bin/sh;
			shellScript = "\"${SRCROOT}/Pods/Target Support Files/Pods-BitcoinPriceCheckerTests/Pods-BitcoinPriceCheckerTests-frameworks.sh\"\n";
			showEnvVarsInLog = 0;
		};
		BF9131EDD4306AEC5E18312E /* [CP] Copy Pods Resources */ = {
			isa = PBXShellScriptBuildPhase;
			buildActionMask = 2147483647;
			files = (
			);
			inputPaths = (
			);
			name = "[CP] Copy Pods Resources";
			outputPaths = (
			);
			runOnlyForDeploymentPostprocessing = 0;
			shellPath = /bin/sh;
			shellScript = "\"${SRCROOT}/Pods/Target Support Files/Pods-BitcoinPriceCheckerUITests/Pods-BitcoinPriceCheckerUITests-resources.sh\"\n";
			showEnvVarsInLog = 0;
		};
		C85B3D2C8A4E104A1D363707 /* [CP] Copy Pods Resources */ = {
			isa = PBXShellScriptBuildPhase;
			buildActionMask = 2147483647;
			files = (
			);
			inputPaths = (
			);
			name = "[CP] Copy Pods Resources";
			outputPaths = (
			);
			runOnlyForDeploymentPostprocessing = 0;
			shellPath = /bin/sh;
			shellScript = "\"${SRCROOT}/Pods/Target Support Files/Pods-BitcoinPriceCheckerTests/Pods-BitcoinPriceCheckerTests-resources.sh\"\n";
			showEnvVarsInLog = 0;
		};
		C9F1A6B87C83F592036CA961 /* [CP] Copy Pods Resources */ = {
			isa = PBXShellScriptBuildPhase;
			buildActionMask = 2147483647;
			files = (
			);
			inputPaths = (
			);
			name = "[CP] Copy Pods Resources";
			outputPaths = (
			);
			runOnlyForDeploymentPostprocessing = 0;
			shellPath = /bin/sh;
			shellScript = "\"${SRCROOT}/Pods/Target Support Files/Pods-BitcoinPriceChecker/Pods-BitcoinPriceChecker-resources.sh\"\n";
			showEnvVarsInLog = 0;
		};
		FBCD8324A8A11CAE1E4FA5F7 /* [CP] Check Pods Manifest.lock */ = {
			isa = PBXShellScriptBuildPhase;
			buildActionMask = 2147483647;
			files = (
			);
			inputPaths = (
				"${PODS_PODFILE_DIR_PATH}/Podfile.lock",
				"${PODS_ROOT}/Manifest.lock",
			);
			name = "[CP] Check Pods Manifest.lock";
			outputPaths = (
				"$(DERIVED_FILE_DIR)/Pods-BitcoinPriceCheckerUITests-checkManifestLockResult.txt",
			);
			runOnlyForDeploymentPostprocessing = 0;
			shellPath = /bin/sh;
			shellScript = "diff \"${PODS_PODFILE_DIR_PATH}/Podfile.lock\" \"${PODS_ROOT}/Manifest.lock\" > /dev/null\nif [ $? != 0 ] ; then\n    # print error to STDERR\n    echo \"error: The sandbox is not in sync with the Podfile.lock. Run 'pod install' or update your CocoaPods installation.\" >&2\n    exit 1\nfi\n# This output is used by Xcode 'outputs' to avoid re-running this script phase.\necho \"SUCCESS\" > \"${SCRIPT_OUTPUT_FILE_0}\"\n";
			showEnvVarsInLog = 0;
		};
/* End PBXShellScriptBuildPhase section */

/* Begin PBXSourcesBuildPhase section */
		7CE4F87E21ECEF69008CD6AD /* Sources */ = {
			isa = PBXSourcesBuildPhase;
			buildActionMask = 2147483647;
			files = (
				7CE4F88821ECEF69008CD6AD /* ViewController.swift in Sources */,
				7CE4F88621ECEF69008CD6AD /* AppDelegate.swift in Sources */,
			);
			runOnlyForDeploymentPostprocessing = 0;
		};
		7CE4F89221ECEF6D008CD6AD /* Sources */ = {
			isa = PBXSourcesBuildPhase;
			buildActionMask = 2147483647;
			files = (
				7CE4F89B21ECEF6D008CD6AD /* BitcoinPriceCheckerTests.swift in Sources */,
			);
			runOnlyForDeploymentPostprocessing = 0;
		};
		7CE4F89D21ECEF6D008CD6AD /* Sources */ = {
			isa = PBXSourcesBuildPhase;
			buildActionMask = 2147483647;
			files = (
				7CE4F8A621ECEF6D008CD6AD /* BitcoinPriceCheckerUITests.swift in Sources */,
			);
			runOnlyForDeploymentPostprocessing = 0;
		};
/* End PBXSourcesBuildPhase section */

/* Begin PBXTargetDependency section */
		7CE4F89821ECEF6D008CD6AD /* PBXTargetDependency */ = {
			isa = PBXTargetDependency;
			target = 7CE4F88121ECEF69008CD6AD /* BitcoinPriceChecker */;
			targetProxy = 7CE4F89721ECEF6D008CD6AD /* PBXContainerItemProxy */;
		};
		7CE4F8A321ECEF6D008CD6AD /* PBXTargetDependency */ = {
			isa = PBXTargetDependency;
			target = 7CE4F88121ECEF69008CD6AD /* BitcoinPriceChecker */;
			targetProxy = 7CE4F8A221ECEF6D008CD6AD /* PBXContainerItemProxy */;
		};
/* End PBXTargetDependency section */

/* Begin PBXVariantGroup section */
		7CE4F88921ECEF69008CD6AD /* Main.storyboard */ = {
			isa = PBXVariantGroup;
			children = (
				7CE4F88A21ECEF69008CD6AD /* Base */,
			);
			name = Main.storyboard;
			sourceTree = "<group>";
		};
		7CE4F88E21ECEF6C008CD6AD /* LaunchScreen.storyboard */ = {
			isa = PBXVariantGroup;
			children = (
				7CE4F88F21ECEF6C008CD6AD /* Base */,
			);
			name = LaunchScreen.storyboard;
			sourceTree = "<group>";
		};
/* End PBXVariantGroup section */

/* Begin XCBuildConfiguration section */
		7CE4F8A821ECEF6D008CD6AD /* Debug */ = {
			isa = XCBuildConfiguration;
			buildSettings = {
				ALWAYS_SEARCH_USER_PATHS = NO;
				CLANG_ANALYZER_NONNULL = YES;
				CLANG_ANALYZER_NUMBER_OBJECT_CONVERSION = YES_AGGRESSIVE;
				CLANG_CXX_LANGUAGE_STANDARD = "gnu++14";
				CLANG_CXX_LIBRARY = "libc++";
				CLANG_ENABLE_MODULES = YES;
				CLANG_ENABLE_OBJC_ARC = YES;
				CLANG_ENABLE_OBJC_WEAK = YES;
				CLANG_WARN_BLOCK_CAPTURE_AUTORELEASING = YES;
				CLANG_WARN_BOOL_CONVERSION = YES;
				CLANG_WARN_COMMA = YES;
				CLANG_WARN_CONSTANT_CONVERSION = YES;
				CLANG_WARN_DEPRECATED_OBJC_IMPLEMENTATIONS = YES;
				CLANG_WARN_DIRECT_OBJC_ISA_USAGE = YES_ERROR;
				CLANG_WARN_DOCUMENTATION_COMMENTS = YES;
				CLANG_WARN_EMPTY_BODY = YES;
				CLANG_WARN_ENUM_CONVERSION = YES;
				CLANG_WARN_INFINITE_RECURSION = YES;
				CLANG_WARN_INT_CONVERSION = YES;
				CLANG_WARN_NON_LITERAL_NULL_CONVERSION = YES;
				CLANG_WARN_OBJC_IMPLICIT_RETAIN_SELF = YES;
				CLANG_WARN_OBJC_LITERAL_CONVERSION = YES;
				CLANG_WARN_OBJC_ROOT_CLASS = YES_ERROR;
				CLANG_WARN_RANGE_LOOP_ANALYSIS = YES;
				CLANG_WARN_STRICT_PROTOTYPES = YES;
				CLANG_WARN_SUSPICIOUS_MOVE = YES;
				CLANG_WARN_UNGUARDED_AVAILABILITY = YES_AGGRESSIVE;
				CLANG_WARN_UNREACHABLE_CODE = YES;
				CLANG_WARN__DUPLICATE_METHOD_MATCH = YES;
				CODE_SIGN_IDENTITY = "iPhone Developer";
				COPY_PHASE_STRIP = NO;
				DEBUG_INFORMATION_FORMAT = dwarf;
				ENABLE_STRICT_OBJC_MSGSEND = YES;
				ENABLE_TESTABILITY = YES;
				GCC_C_LANGUAGE_STANDARD = gnu11;
				GCC_DYNAMIC_NO_PIC = NO;
				GCC_NO_COMMON_BLOCKS = YES;
				GCC_OPTIMIZATION_LEVEL = 0;
				GCC_PREPROCESSOR_DEFINITIONS = (
					"DEBUG=1",
					"$(inherited)",
				);
				GCC_WARN_64_TO_32_BIT_CONVERSION = YES;
				GCC_WARN_ABOUT_RETURN_TYPE = YES_ERROR;
				GCC_WARN_UNDECLARED_SELECTOR = YES;
				GCC_WARN_UNINITIALIZED_AUTOS = YES_AGGRESSIVE;
				GCC_WARN_UNUSED_FUNCTION = YES;
				GCC_WARN_UNUSED_VARIABLE = YES;
				IPHONEOS_DEPLOYMENT_TARGET = 12.1;
				MTL_ENABLE_DEBUG_INFO = INCLUDE_SOURCE;
				MTL_FAST_MATH = YES;
				ONLY_ACTIVE_ARCH = YES;
				SDKROOT = iphoneos;
				SWIFT_ACTIVE_COMPILATION_CONDITIONS = DEBUG;
				SWIFT_OPTIMIZATION_LEVEL = "-Onone";
			};
			name = Debug;
		};
		7CE4F8A921ECEF6D008CD6AD /* Release */ = {
			isa = XCBuildConfiguration;
			buildSettings = {
				ALWAYS_SEARCH_USER_PATHS = NO;
				CLANG_ANALYZER_NONNULL = YES;
				CLANG_ANALYZER_NUMBER_OBJECT_CONVERSION = YES_AGGRESSIVE;
				CLANG_CXX_LANGUAGE_STANDARD = "gnu++14";
				CLANG_CXX_LIBRARY = "libc++";
				CLANG_ENABLE_MODULES = YES;
				CLANG_ENABLE_OBJC_ARC = YES;
				CLANG_ENABLE_OBJC_WEAK = YES;
				CLANG_WARN_BLOCK_CAPTURE_AUTORELEASING = YES;
				CLANG_WARN_BOOL_CONVERSION = YES;
				CLANG_WARN_COMMA = YES;
				CLANG_WARN_CONSTANT_CONVERSION = YES;
				CLANG_WARN_DEPRECATED_OBJC_IMPLEMENTATIONS = YES;
				CLANG_WARN_DIRECT_OBJC_ISA_USAGE = YES_ERROR;
				CLANG_WARN_DOCUMENTATION_COMMENTS = YES;
				CLANG_WARN_EMPTY_BODY = YES;
				CLANG_WARN_ENUM_CONVERSION = YES;
				CLANG_WARN_INFINITE_RECURSION = YES;
				CLANG_WARN_INT_CONVERSION = YES;
				CLANG_WARN_NON_LITERAL_NULL_CONVERSION = YES;
				CLANG_WARN_OBJC_IMPLICIT_RETAIN_SELF = YES;
				CLANG_WARN_OBJC_LITERAL_CONVERSION = YES;
				CLANG_WARN_OBJC_ROOT_CLASS = YES_ERROR;
				CLANG_WARN_RANGE_LOOP_ANALYSIS = YES;
				CLANG_WARN_STRICT_PROTOTYPES = YES;
				CLANG_WARN_SUSPICIOUS_MOVE = YES;
				CLANG_WARN_UNGUARDED_AVAILABILITY = YES_AGGRESSIVE;
				CLANG_WARN_UNREACHABLE_CODE = YES;
				CLANG_WARN__DUPLICATE_METHOD_MATCH = YES;
				CODE_SIGN_IDENTITY = "iPhone Developer";
				COPY_PHASE_STRIP = NO;
				DEBUG_INFORMATION_FORMAT = "dwarf-with-dsym";
				ENABLE_NS_ASSERTIONS = NO;
				ENABLE_STRICT_OBJC_MSGSEND = YES;
				GCC_C_LANGUAGE_STANDARD = gnu11;
				GCC_NO_COMMON_BLOCKS = YES;
				GCC_WARN_64_TO_32_BIT_CONVERSION = YES;
				GCC_WARN_ABOUT_RETURN_TYPE = YES_ERROR;
				GCC_WARN_UNDECLARED_SELECTOR = YES;
				GCC_WARN_UNINITIALIZED_AUTOS = YES_AGGRESSIVE;
				GCC_WARN_UNUSED_FUNCTION = YES;
				GCC_WARN_UNUSED_VARIABLE = YES;
				IPHONEOS_DEPLOYMENT_TARGET = 12.1;
				MTL_ENABLE_DEBUG_INFO = NO;
				MTL_FAST_MATH = YES;
				SDKROOT = iphoneos;
				SWIFT_COMPILATION_MODE = wholemodule;
				SWIFT_OPTIMIZATION_LEVEL = "-O";
				VALIDATE_PRODUCT = YES;
			};
			name = Release;
		};
		7CE4F8AB21ECEF6D008CD6AD /* Debug */ = {
			isa = XCBuildConfiguration;
			baseConfigurationReference = 09260FF94FCC962F2E42E6B0 /* Pods-BitcoinPriceChecker.debug.xcconfig */;
			buildSettings = {
				ASSETCATALOG_COMPILER_APPICON_NAME = AppIcon;
				CODE_SIGN_STYLE = Automatic;
				DEVELOPMENT_TEAM = 9KDPSC6W9G;
				INFOPLIST_FILE = BitcoinPriceChecker/Info.plist;
				LD_RUNPATH_SEARCH_PATHS = "$(inherited) @executable_path/Frameworks";
				PRODUCT_BUNDLE_IDENTIFIER = Suto.Kotaro.BitcoinPriceChecker;
				PRODUCT_NAME = "$(TARGET_NAME)";
				SWIFT_VERSION = 4.2;
				TARGETED_DEVICE_FAMILY = "1,2";
			};
			name = Debug;
		};
		7CE4F8AC21ECEF6D008CD6AD /* Release */ = {
			isa = XCBuildConfiguration;
			baseConfigurationReference = F8D6B7A8909230371B27CA7B /* Pods-BitcoinPriceChecker.release.xcconfig */;
			buildSettings = {
				ASSETCATALOG_COMPILER_APPICON_NAME = AppIcon;
				CODE_SIGN_STYLE = Automatic;
				DEVELOPMENT_TEAM = 9KDPSC6W9G;
				INFOPLIST_FILE = BitcoinPriceChecker/Info.plist;
				LD_RUNPATH_SEARCH_PATHS = "$(inherited) @executable_path/Frameworks";
				PRODUCT_BUNDLE_IDENTIFIER = Suto.Kotaro.BitcoinPriceChecker;
				PRODUCT_NAME = "$(TARGET_NAME)";
				SWIFT_VERSION = 4.2;
				TARGETED_DEVICE_FAMILY = "1,2";
			};
			name = Release;
		};
		7CE4F8AE21ECEF6D008CD6AD /* Debug */ = {
			isa = XCBuildConfiguration;
			baseConfigurationReference = 23E583026F64460F8C4C7154 /* Pods-BitcoinPriceCheckerTests.debug.xcconfig */;
			buildSettings = {
				ALWAYS_EMBED_SWIFT_STANDARD_LIBRARIES = YES;
				BUNDLE_LOADER = "$(TEST_HOST)";
				CODE_SIGN_STYLE = Automatic;
				DEVELOPMENT_TEAM = 9KDPSC6W9G;
				INFOPLIST_FILE = BitcoinPriceCheckerTests/Info.plist;
				LD_RUNPATH_SEARCH_PATHS = "$(inherited) @executable_path/Frameworks @loader_path/Frameworks";
				PRODUCT_BUNDLE_IDENTIFIER = Suto.Kotaro.BitcoinPriceCheckerTests;
				PRODUCT_NAME = "$(TARGET_NAME)";
				SWIFT_VERSION = 4.2;
				TARGETED_DEVICE_FAMILY = "1,2";
				TEST_HOST = "$(BUILT_PRODUCTS_DIR)/BitcoinPriceChecker.app/BitcoinPriceChecker";
			};
			name = Debug;
		};
		7CE4F8AF21ECEF6D008CD6AD /* Release */ = {
			isa = XCBuildConfiguration;
			baseConfigurationReference = 40AFEEDA5574D9D46C2B2B15 /* Pods-BitcoinPriceCheckerTests.release.xcconfig */;
			buildSettings = {
				ALWAYS_EMBED_SWIFT_STANDARD_LIBRARIES = YES;
				BUNDLE_LOADER = "$(TEST_HOST)";
				CODE_SIGN_STYLE = Automatic;
				DEVELOPMENT_TEAM = 9KDPSC6W9G;
				INFOPLIST_FILE = BitcoinPriceCheckerTests/Info.plist;
				LD_RUNPATH_SEARCH_PATHS = "$(inherited) @executable_path/Frameworks @loader_path/Frameworks";
				PRODUCT_BUNDLE_IDENTIFIER = Suto.Kotaro.BitcoinPriceCheckerTests;
				PRODUCT_NAME = "$(TARGET_NAME)";
				SWIFT_VERSION = 4.2;
				TARGETED_DEVICE_FAMILY = "1,2";
				TEST_HOST = "$(BUILT_PRODUCTS_DIR)/BitcoinPriceChecker.app/BitcoinPriceChecker";
			};
			name = Release;
		};
		7CE4F8B121ECEF6D008CD6AD /* Debug */ = {
			isa = XCBuildConfiguration;
			baseConfigurationReference = 4265376B5D397F7AD6FA27DE /* Pods-BitcoinPriceCheckerUITests.debug.xcconfig */;
			buildSettings = {
				ALWAYS_EMBED_SWIFT_STANDARD_LIBRARIES = YES;
				CODE_SIGN_STYLE = Automatic;
				DEVELOPMENT_TEAM = 9KDPSC6W9G;
				INFOPLIST_FILE = BitcoinPriceCheckerUITests/Info.plist;
				LD_RUNPATH_SEARCH_PATHS = "$(inherited) @executable_path/Frameworks @loader_path/Frameworks";
				PRODUCT_BUNDLE_IDENTIFIER = Suto.Kotaro.BitcoinPriceCheckerUITests;
				PRODUCT_NAME = "$(TARGET_NAME)";
				SWIFT_VERSION = 4.2;
				TARGETED_DEVICE_FAMILY = "1,2";
				TEST_TARGET_NAME = BitcoinPriceChecker;
			};
			name = Debug;
		};
		7CE4F8B221ECEF6D008CD6AD /* Release */ = {
			isa = XCBuildConfiguration;
			baseConfigurationReference = 2BD44612B14B7542A1D5C063 /* Pods-BitcoinPriceCheckerUITests.release.xcconfig */;
			buildSettings = {
				ALWAYS_EMBED_SWIFT_STANDARD_LIBRARIES = YES;
				CODE_SIGN_STYLE = Automatic;
				DEVELOPMENT_TEAM = 9KDPSC6W9G;
				INFOPLIST_FILE = BitcoinPriceCheckerUITests/Info.plist;
				LD_RUNPATH_SEARCH_PATHS = "$(inherited) @executable_path/Frameworks @loader_path/Frameworks";
				PRODUCT_BUNDLE_IDENTIFIER = Suto.Kotaro.BitcoinPriceCheckerUITests;
				PRODUCT_NAME = "$(TARGET_NAME)";
				SWIFT_VERSION = 4.2;
				TARGETED_DEVICE_FAMILY = "1,2";
				TEST_TARGET_NAME = BitcoinPriceChecker;
			};
			name = Release;
		};
/* End XCBuildConfiguration section */

/* Begin XCConfigurationList section */
		7CE4F87D21ECEF69008CD6AD /* Build configuration list for PBXProject "BitcoinPriceChecker" */ = {
			isa = XCConfigurationList;
			buildConfigurations = (
				7CE4F8A821ECEF6D008CD6AD /* Debug */,
				7CE4F8A921ECEF6D008CD6AD /* Release */,
			);
			defaultConfigurationIsVisible = 0;
			defaultConfigurationName = Release;
		};
		7CE4F8AA21ECEF6D008CD6AD /* Build configuration list for PBXNativeTarget "BitcoinPriceChecker" */ = {
			isa = XCConfigurationList;
			buildConfigurations = (
				7CE4F8AB21ECEF6D008CD6AD /* Debug */,
				7CE4F8AC21ECEF6D008CD6AD /* Release */,
			);
			defaultConfigurationIsVisible = 0;
			defaultConfigurationName = Release;
		};
		7CE4F8AD21ECEF6D008CD6AD /* Build configuration list for PBXNativeTarget "BitcoinPriceCheckerTests" */ = {
			isa = XCConfigurationList;
			buildConfigurations = (
				7CE4F8AE21ECEF6D008CD6AD /* Debug */,
				7CE4F8AF21ECEF6D008CD6AD /* Release */,
			);
			defaultConfigurationIsVisible = 0;
			defaultConfigurationName = Release;
		};
		7CE4F8B021ECEF6D008CD6AD /* Build configuration list for PBXNativeTarget "BitcoinPriceCheckerUITests" */ = {
			isa = XCConfigurationList;
			buildConfigurations = (
				7CE4F8B121ECEF6D008CD6AD /* Debug */,
				7CE4F8B221ECEF6D008CD6AD /* Release */,
			);
			defaultConfigurationIsVisible = 0;
			defaultConfigurationName = Release;
		};
/* End XCConfigurationList section */
	};
	rootObject = 7CE4F87A21ECEF69008CD6AD /* Project object */;
}
